
Microsoft Visual Studio Solution File, Format Version 12.00
# Visual Studio Version 16
VisualStudioVersion = 16.0.29230.47
MinimumVisualStudioVersion = 10.0.40219.1
Project("{FAE04EC0-301F-11D3-BF4B-00C04F79EFBC}") = "ExemploPrismApp", "ExemploPrismApp\ExemploPrismApp\ExemploPrismApp.csproj", "{3217B08D-409B-40D8-A3C0-0FFA09D01E42}"
EndProject
Project("{FAE04EC0-301F-11D3-BF4B-00C04F79EFBC}") = "ExemploPrismApp.Android", "ExemploPrismApp\ExemploPrismApp.Android\ExemploPrismApp.Android.csproj", "{113F049C-AF68-4167-8166-C68941EB3FC3}"
EndProject
Global
	GlobalSection(SolutionConfigurationPlatforms) = preSolution
		Debug|Any CPU = Debug|Any CPU
		Release|Any CPU = Release|Any CPU
	EndGlobalSection
	GlobalSection(ProjectConfigurationPlatforms) = postSolution
		{3217B08D-409B-40D8-A3C0-0FFA09D01E42}.Debug|Any CPU.ActiveCfg = Debug|Any CPU
		{3217B08D-409B-40D8-A3C0-0FFA09D01E42}.Debug|Any CPU.Build.0 = Debug|Any CPU
		{3217B08D-409B-40D8-A3C0-0FFA09D01E42}.Release|Any CPU.ActiveCfg = Release|Any CPU
		{3217B08D-409B-40D8-A3C0-0FFA09D01E42}.Release|Any CPU.Build.0 = Release|Any CPU
		{113F049C-AF68-4167-8166-C68941EB3FC3}.Debug|Any CPU.ActiveCfg = Debug|Any CPU
		{113F049C-AF68-4167-8166-C68941EB3FC3}.Debug|Any CPU.Build.0 = Debug|Any CPU
		{113F049C-AF68-4167-8166-C68941EB3FC3}.Debug|Any CPU.Deploy.0 = Debug|Any CPU
		{113F049C-AF68-4167-8166-C68941EB3FC3}.Release|Any CPU.ActiveCfg = Release|Any CPU
		{113F049C-AF68-4167-8166-C68941EB3FC3}.Release|Any CPU.Build.0 = Release|Any CPU
		{113F049C-AF68-4167-8166-C68941EB3FC3}.Release|Any CPU.Deploy.0 = Release|Any CPU
	EndGlobalSection
	GlobalSection(SolutionProperties) = preSolution
		HideSolutionNode = FALSE
	EndGlobalSection
	GlobalSection(ExtensibilityGlobals) = postSolution
		SolutionGuid = {A8CA992A-68CC-40E6-8B88-2E91FDE76B30}
	EndGlobalSection
EndGlobal
